
Microsoft Visual Studio Solution File, Format Version 12.00
# Visual Studio Version 17
VisualStudioVersion = 17.2.32526.322
MinimumVisualStudioVersion = 10.0.40219.1
Project("{FAE04EC0-301F-11D3-BF4B-00C04F79EFBC}") = "DCSHMD", "DCSHMD\DCSHMD.csproj", "{590B861C-CB81-48BE-93EC-D8F4F12CF112}"
EndProject
Project("{2150E333-8FDC-42A3-9474-1A3956D46DE8}") = "Solution Items", "Solution Items", "{CF6DE1AB-07D2-4F6B-8A49-D3140E30D148}"
	ProjectSection(SolutionItems) = preProject
		.editorconfig = .editorconfig
	EndProjectSection
EndProject
Global
	GlobalSection(SolutionConfigurationPlatforms) = preSolution
		Debug|Any CPU = Debug|Any CPU
		Release|Any CPU = Release|Any CPU
	EndGlobalSection
	GlobalSection(ProjectConfigurationPlatforms) = postSolution
		{590B861C-CB81-48BE-93EC-D8F4F12CF112}.Debug|Any CPU.ActiveCfg = Debug|Any CPU
		{590B861C-CB81-48BE-93EC-D8F4F12CF112}.Debug|Any CPU.Build.0 = Debug|Any CPU
		{590B861C-CB81-48BE-93EC-D8F4F12CF112}.Release|Any CPU.ActiveCfg = Release|Any CPU
		{590B861C-CB81-48BE-93EC-D8F4F12CF112}.Release|Any CPU.Build.0 = Release|Any CPU
	EndGlobalSection
	GlobalSection(SolutionProperties) = preSolution
		HideSolutionNode = FALSE
	EndGlobalSection
	GlobalSection(ExtensibilityGlobals) = postSolution
		SolutionGuid = {B5E46B56-5E99-409D-990F-C040EA4BB5ED}
	EndGlobalSection
EndGlobal
